// !$*UTF8*$!
{
	archiveVersion = 1;
	classes = {
	};
	objectVersion = 50;
	objects = {

/* Begin PBXBuildFile section */
		9C08E199213B1CEF0076DBE8 /* AppDelegate.swift in Sources */ = {isa = PBXBuildFile; fileRef = 9C08E198213B1CEF0076DBE8 /* AppDelegate.swift */; };
		9C08E19B213B1CEF0076DBE8 /* SpyAppViewController.swift in Sources */ = {isa = PBXBuildFile; fileRef = 9C08E19A213B1CEF0076DBE8 /* SpyAppViewController.swift */; };
		9C08E19E213B1CEF0076DBE8 /* Main.storyboard in Resources */ = {isa = PBXBuildFile; fileRef = 9C08E19C213B1CEF0076DBE8 /* Main.storyboard */; };
		9C08E1A0213B1CF00076DBE8 /* Assets.xcassets in Resources */ = {isa = PBXBuildFile; fileRef = 9C08E19F213B1CF00076DBE8 /* Assets.xcassets */; };
		9C08E1A3213B1CF00076DBE8 /* LaunchScreen.storyboard in Resources */ = {isa = PBXBuildFile; fileRef = 9C08E1A1213B1CF00076DBE8 /* LaunchScreen.storyboard */; };
		9C08E1AE213B1CF00076DBE8 /* SpyAppTests.swift in Sources */ = {isa = PBXBuildFile; fileRef = 9C08E1AD213B1CF00076DBE8 /* SpyAppTests.swift */; };
		9C08E1BB213B3A6A0076DBE8 /* CipherFactory.swift in Sources */ = {isa = PBXBuildFile; fileRef = 9C08E1BA213B3A6A0076DBE8 /* CipherFactory.swift */; };
		9C08E1BD213B45080076DBE8 /* CeaserCipherDecode.swift in Sources */ = {isa = PBXBuildFile; fileRef = 9C08E1BC213B45080076DBE8 /* CeaserCipherDecode.swift */; };
		9C1952AA213F1C710013921D /* AlphanumericCeaserCipher.swift in Sources */ = {isa = PBXBuildFile; fileRef = 9C1952A9213F1C710013921D /* AlphanumericCeaserCipher.swift */; };
		9C1952AC213F1F900013921D /* CaesarCipher.swift in Sources */ = {isa = PBXBuildFile; fileRef = 9C1952AB213F1F900013921D /* CaesarCipher.swift */; };
/* End PBXBuildFile section */

/* Begin PBXContainerItemProxy section */
		9C08E1AA213B1CF00076DBE8 /* PBXContainerItemProxy */ = {
			isa = PBXContainerItemProxy;
			containerPortal = 9C08E18D213B1CEE0076DBE8 /* Project object */;
			proxyType = 1;
			remoteGlobalIDString = 9C08E194213B1CEF0076DBE8;
			remoteInfo = SpyApp;
		};
/* End PBXContainerItemProxy section */

/* Begin PBXFileReference section */
		9C08E195213B1CEF0076DBE8 /* SpyApp.app */ = {isa = PBXFileReference; explicitFileType = wrapper.application; includeInIndex = 0; path = SpyApp.app; sourceTree = BUILT_PRODUCTS_DIR; };
		9C08E198213B1CEF0076DBE8 /* AppDelegate.swift */ = {isa = PBXFileReference; lastKnownFileType = sourcecode.swift; path = AppDelegate.swift; sourceTree = "<group>"; };
		9C08E19A213B1CEF0076DBE8 /* SpyAppViewController.swift */ = {isa = PBXFileReference; lastKnownFileType = sourcecode.swift; path = SpyAppViewController.swift; sourceTree = "<group>"; };
		9C08E19D213B1CEF0076DBE8 /* Base */ = {isa = PBXFileReference; lastKnownFileType = file.storyboard; name = Base; path = Base.lproj/Main.storyboard; sourceTree = "<group>"; };
		9C08E19F213B1CF00076DBE8 /* Assets.xcassets */ = {isa = PBXFileReference; lastKnownFileType = folder.assetcatalog; path = Assets.xcassets; sourceTree = "<group>"; };
		9C08E1A2213B1CF00076DBE8 /* Base */ = {isa = PBXFileReference; lastKnownFileType = file.storyboard; name = Base; path = Base.lproj/LaunchScreen.storyboard; sourceTree = "<group>"; };
		9C08E1A4213B1CF00076DBE8 /* Info.plist */ = {isa = PBXFileReference; lastKnownFileType = text.plist.xml; path = Info.plist; sourceTree = "<group>"; };
		9C08E1A9213B1CF00076DBE8 /* SpyAppTests.xctest */ = {isa = PBXFileReference; explicitFileType = wrapper.cfbundle; includeInIndex = 0; path = SpyAppTests.xctest; sourceTree = BUILT_PRODUCTS_DIR; };
		9C08E1AD213B1CF00076DBE8 /* SpyAppTests.swift */ = {isa = PBXFileReference; lastKnownFileType = sourcecode.swift; path = SpyAppTests.swift; sourceTree = "<group>"; };
		9C08E1AF213B1CF00076DBE8 /* Info.plist */ = {isa = PBXFileReference; lastKnownFileType = text.plist.xml; path = Info.plist; sourceTree = "<group>"; };
		9C08E1BA213B3A6A0076DBE8 /* CipherFactory.swift */ = {isa = PBXFileReference; lastKnownFileType = sourcecode.swift; path = CipherFactory.swift; sourceTree = "<group>"; };
		9C08E1BC213B45080076DBE8 /* CeaserCipherDecode.swift */ = {isa = PBXFileReference; lastKnownFileType = sourcecode.swift; path = CeaserCipherDecode.swift; sourceTree = "<group>"; };
		9C1952A9213F1C710013921D /* AlphanumericCeaserCipher.swift */ = {isa = PBXFileReference; lastKnownFileType = sourcecode.swift; path = AlphanumericCeaserCipher.swift; sourceTree = "<group>"; };
		9C1952AB213F1F900013921D /* CaesarCipher.swift */ = {isa = PBXFileReference; lastKnownFileType = sourcecode.swift; path = CaesarCipher.swift; sourceTree = "<group>"; };
/* End PBXFileReference section */

/* Begin PBXFrameworksBuildPhase section */
		9C08E192213B1CEF0076DBE8 /* Frameworks */ = {
			isa = PBXFrameworksBuildPhase;
			buildActionMask = 2147483647;
			files = (
			);
			runOnlyForDeploymentPostprocessing = 0;
		};
		9C08E1A6213B1CF00076DBE8 /* Frameworks */ = {
			isa = PBXFrameworksBuildPhase;
			buildActionMask = 2147483647;
			files = (
			);
			runOnlyForDeploymentPostprocessing = 0;
		};
/* End PBXFrameworksBuildPhase section */

/* Begin PBXGroup section */
		9C08E18C213B1CEE0076DBE8 = {
			isa = PBXGroup;
			children = (
				9C08E197213B1CEF0076DBE8 /* SpyApp */,
				9C08E1AC213B1CF00076DBE8 /* SpyAppTests */,
				9C08E196213B1CEF0076DBE8 /* Products */,
			);
			sourceTree = "<group>";
		};
		9C08E196213B1CEF0076DBE8 /* Products */ = {
			isa = PBXGroup;
			children = (
				9C08E195213B1CEF0076DBE8 /* SpyApp.app */,
				9C08E1A9213B1CF00076DBE8 /* SpyAppTests.xctest */,
			);
			name = Products;
			sourceTree = "<group>";
		};
		9C08E197213B1CEF0076DBE8 /* SpyApp */ = {
			isa = PBXGroup;
			children = (
				9C08E198213B1CEF0076DBE8 /* AppDelegate.swift */,
				9C08E19A213B1CEF0076DBE8 /* SpyAppViewController.swift */,
				9C1952A9213F1C710013921D /* AlphanumericCeaserCipher.swift */,
				9C1952AB213F1F900013921D /* CaesarCipher.swift */,
				9C08E1BC213B45080076DBE8 /* CeaserCipherDecode.swift */,
				9C08E1BA213B3A6A0076DBE8 /* CipherFactory.swift */,
				9C08E19C213B1CEF0076DBE8 /* Main.storyboard */,
				9C08E19F213B1CF00076DBE8 /* Assets.xcassets */,
				9C08E1A1213B1CF00076DBE8 /* LaunchScreen.storyboard */,
				9C08E1A4213B1CF00076DBE8 /* Info.plist */,
			);
			path = SpyApp;
			sourceTree = "<group>";
		};
		9C08E1AC213B1CF00076DBE8 /* SpyAppTests */ = {
			isa = PBXGroup;
			children = (
				9C08E1AD213B1CF00076DBE8 /* SpyAppTests.swift */,
				9C08E1AF213B1CF00076DBE8 /* Info.plist */,
			);
			path = SpyAppTests;
			sourceTree = "<group>";
		};
/* End PBXGroup section */

/* Begin PBXNativeTarget section */
		9C08E194213B1CEF0076DBE8 /* SpyApp */ = {
			isa = PBXNativeTarget;
			buildConfigurationList = 9C08E1B2213B1CF00076DBE8 /* Build configuration list for PBXNativeTarget "SpyApp" */;
			buildPhases = (
				9C08E191213B1CEF0076DBE8 /* Sources */,
				9C08E192213B1CEF0076DBE8 /* Frameworks */,
				9C08E193213B1CEF0076DBE8 /* Resources */,
			);
			buildRules = (
			);
			dependencies = (
			);
			name = SpyApp;
			productName = SpyApp;
			productReference = 9C08E195213B1CEF0076DBE8 /* SpyApp.app */;
			productType = "com.apple.product-type.application";
		};
		9C08E1A8213B1CF00076DBE8 /* SpyAppTests */ = {
			isa = PBXNativeTarget;
			buildConfigurationList = 9C08E1B5213B1CF00076DBE8 /* Build configuration list for PBXNativeTarget "SpyAppTests" */;
			buildPhases = (
				9C08E1A5213B1CF00076DBE8 /* Sources */,
				9C08E1A6213B1CF00076DBE8 /* Frameworks */,
				9C08E1A7213B1CF00076DBE8 /* Resources */,
			);
			buildRules = (
			);
			dependencies = (
				9C08E1AB213B1CF00076DBE8 /* PBXTargetDependency */,
			);
			name = SpyAppTests;
			productName = SpyAppTests;
			productReference = 9C08E1A9213B1CF00076DBE8 /* SpyAppTests.xctest */;
			productType = "com.apple.product-type.bundle.unit-test";
		};
/* End PBXNativeTarget section */

/* Begin PBXProject section */
		9C08E18D213B1CEE0076DBE8 /* Project object */ = {
			isa = PBXProject;
			attributes = {
				LastSwiftUpdateCheck = 0940;
				LastUpgradeCheck = 0940;
				ORGANIZATIONNAME = "Ulises Martinez";
				TargetAttributes = {
					9C08E194213B1CEF0076DBE8 = {
						CreatedOnToolsVersion = 9.4.1;
					};
					9C08E1A8213B1CF00076DBE8 = {
						CreatedOnToolsVersion = 9.4.1;
						TestTargetID = 9C08E194213B1CEF0076DBE8;
					};
				};
			};
			buildConfigurationList = 9C08E190213B1CEE0076DBE8 /* Build configuration list for PBXProject "SpyApp" */;
			compatibilityVersion = "Xcode 9.3";
			developmentRegion = en;
			hasScannedForEncodings = 0;
			knownRegions = (
				en,
				Base,
			);
			mainGroup = 9C08E18C213B1CEE0076DBE8;
			productRefGroup = 9C08E196213B1CEF0076DBE8 /* Products */;
			projectDirPath = "";
			projectRoot = "";
			targets = (
				9C08E194213B1CEF0076DBE8 /* SpyApp */,
				9C08E1A8213B1CF00076DBE8 /* SpyAppTests */,
			);
		};
/* End PBXProject section */

/* Begin PBXResourcesBuildPhase section */
		9C08E193213B1CEF0076DBE8 /* Resources */ = {
			isa = PBXResourcesBuildPhase;
			buildActionMask = 2147483647;
			files = (
				9C08E1A3213B1CF00076DBE8 /* LaunchScreen.storyboard in Resources */,
				9C08E1A0213B1CF00076DBE8 /* Assets.xcassets in Resources */,
				9C08E19E213B1CEF0076DBE8 /* Main.storyboard in Resources */,
			);
			runOnlyForDeploymentPostprocessing = 0;
		};
		9C08E1A7213B1CF00076DBE8 /* Resources */ = {
			isa = PBXResourcesBuildPhase;
			buildActionMask = 2147483647;
			files = (
			);
			runOnlyForDeploymentPostprocessing = 0;
		};
/* End PBXResourcesBuildPhase section */

/* Begin PBXSourcesBuildPhase section */
		9C08E191213B1CEF0076DBE8 /* Sources */ = {
			isa = PBXSourcesBuildPhase;
			buildActionMask = 2147483647;
			files = (
				9C08E1BD213B45080076DBE8 /* CeaserCipherDecode.swift in Sources */,
				9C08E1BB213B3A6A0076DBE8 /* CipherFactory.swift in Sources */,
				9C08E19B213B1CEF0076DBE8 /* SpyAppViewController.swift in Sources */,
				9C1952AA213F1C710013921D /* AlphanumericCeaserCipher.swift in Sources */,
				9C08E199213B1CEF0076DBE8 /* AppDelegate.swift in Sources */,
				9C1952AC213F1F900013921D /* CaesarCipher.swift in Sources */,
			);
			runOnlyForDeploymentPostprocessing = 0;
		};
		9C08E1A5213B1CF00076DBE8 /* Sources */ = {
			isa = PBXSourcesBuildPhase;
			buildActionMask = 2147483647;
			files = (
				9C08E1AE213B1CF00076DBE8 /* SpyAppTests.swift in Sources */,
			);
			runOnlyForDeploymentPostprocessing = 0;
		};
/* End PBXSourcesBuildPhase section */

/* Begin PBXTargetDependency section */
		9C08E1AB213B1CF00076DBE8 /* PBXTargetDependency */ = {
			isa = PBXTargetDependency;
			target = 9C08E194213B1CEF0076DBE8 /* SpyApp */;
			targetProxy = 9C08E1AA213B1CF00076DBE8 /* PBXContainerItemProxy */;
		};
/* End PBXTargetDependency section */

/* Begin PBXVariantGroup section */
		9C08E19C213B1CEF0076DBE8 /* Main.storyboard */ = {
			isa = PBXVariantGroup;
			children = (
				9C08E19D213B1CEF0076DBE8 /* Base */,
			);
			name = Main.storyboard;
			sourceTree = "<group>";
		};
		9C08E1A1213B1CF00076DBE8 /* LaunchScreen.storyboard */ = {
			isa = PBXVariantGroup;
			children = (
				9C08E1A2213B1CF00076DBE8 /* Base */,
			);
			name = LaunchScreen.storyboard;
			sourceTree = "<group>";
		};
/* End PBXVariantGroup section */

/* Begin XCBuildConfiguration section */
		9C08E1B0213B1CF00076DBE8 /* Debug */ = {
			isa = XCBuildConfiguration;
			buildSettings = {
				ALWAYS_SEARCH_USER_PATHS = NO;
				CLANG_ANALYZER_NONNULL = YES;
				CLANG_ANALYZER_NUMBER_OBJECT_CONVERSION = YES_AGGRESSIVE;
				CLANG_CXX_LANGUAGE_STANDARD = "gnu++14";
				CLANG_CXX_LIBRARY = "libc++";
				CLANG_ENABLE_MODULES = YES;
				CLANG_ENABLE_OBJC_ARC = YES;
				CLANG_ENABLE_OBJC_WEAK = YES;
				CLANG_WARN_BLOCK_CAPTURE_AUTORELEASING = YES;
				CLANG_WARN_BOOL_CONVERSION = YES;
				CLANG_WARN_COMMA = YES;
				CLANG_WARN_CONSTANT_CONVERSION = YES;
				CLANG_WARN_DEPRECATED_OBJC_IMPLEMENTATIONS = YES;
				CLANG_WARN_DIRECT_OBJC_ISA_USAGE = YES_ERROR;
				CLANG_WARN_DOCUMENTATION_COMMENTS = YES;
				CLANG_WARN_EMPTY_BODY = YES;
				CLANG_WARN_ENUM_CONVERSION = YES;
				CLANG_WARN_INFINITE_RECURSION = YES;
				CLANG_WARN_INT_CONVERSION = YES;
				CLANG_WARN_NON_LITERAL_NULL_CONVERSION = YES;
				CLANG_WARN_OBJC_IMPLICIT_RETAIN_SELF = YES;
				CLANG_WARN_OBJC_LITERAL_CONVERSION = YES;
				CLANG_WARN_OBJC_ROOT_CLASS = YES_ERROR;
				CLANG_WARN_RANGE_LOOP_ANALYSIS = YES;
				CLANG_WARN_STRICT_PROTOTYPES = YES;
				CLANG_WARN_SUSPICIOUS_MOVE = YES;
				CLANG_WARN_UNGUARDED_AVAILABILITY = YES_AGGRESSIVE;
				CLANG_WARN_UNREACHABLE_CODE = YES;
				CLANG_WARN__DUPLICATE_METHOD_MATCH = YES;
				CODE_SIGN_IDENTITY = "iPhone Developer";
				COPY_PHASE_STRIP = NO;
				DEBUG_INFORMATION_FORMAT = dwarf;
				ENABLE_STRICT_OBJC_MSGSEND = YES;
				ENABLE_TESTABILITY = YES;
				GCC_C_LANGUAGE_STANDARD = gnu11;
				GCC_DYNAMIC_NO_PIC = NO;
				GCC_NO_COMMON_BLOCKS = YES;
				GCC_OPTIMIZATION_LEVEL = 0;
				GCC_PREPROCESSOR_DEFINITIONS = (
					"DEBUG=1",
					"$(inherited)",
				);
				GCC_WARN_64_TO_32_BIT_CONVERSION = YES;
				GCC_WARN_ABOUT_RETURN_TYPE = YES_ERROR;
				GCC_WARN_UNDECLARED_SELECTOR = YES;
				GCC_WARN_UNINITIALIZED_AUTOS = YES_AGGRESSIVE;
				GCC_WARN_UNUSED_FUNCTION = YES;
				GCC_WARN_UNUSED_VARIABLE = YES;
				IPHONEOS_DEPLOYMENT_TARGET = 11.4;
				MTL_ENABLE_DEBUG_INFO = YES;
				ONLY_ACTIVE_ARCH = YES;
				SDKROOT = iphoneos;
				SWIFT_ACTIVE_COMPILATION_CONDITIONS = DEBUG;
				SWIFT_OPTIMIZATION_LEVEL = "-Onone";
			};
			name = Debug;
		};
		9C08E1B1213B1CF00076DBE8 /* Release */ = {
			isa = XCBuildConfiguration;
			buildSettings = {
				ALWAYS_SEARCH_USER_PATHS = NO;
				CLANG_ANALYZER_NONNULL = YES;
				CLANG_ANALYZER_NUMBER_OBJECT_CONVERSION = YES_AGGRESSIVE;
				CLANG_CXX_LANGUAGE_STANDARD = "gnu++14";
				CLANG_CXX_LIBRARY = "libc++";
				CLANG_ENABLE_MODULES = YES;
				CLANG_ENABLE_OBJC_ARC = YES;
				CLANG_ENABLE_OBJC_WEAK = YES;
				CLANG_WARN_BLOCK_CAPTURE_AUTORELEASING = YES;
				CLANG_WARN_BOOL_CONVERSION = YES;
				CLANG_WARN_COMMA = YES;
				CLANG_WARN_CONSTANT_CONVERSION = YES;
				CLANG_WARN_DEPRECATED_OBJC_IMPLEMENTATIONS = YES;
				CLANG_WARN_DIRECT_OBJC_ISA_USAGE = YES_ERROR;
				CLANG_WARN_DOCUMENTATION_COMMENTS = YES;
				CLANG_WARN_EMPTY_BODY = YES;
				CLANG_WARN_ENUM_CONVERSION = YES;
				CLANG_WARN_INFINITE_RECURSION = YES;
				CLANG_WARN_INT_CONVERSION = YES;
				CLANG_WARN_NON_LITERAL_NULL_CONVERSION = YES;
				CLANG_WARN_OBJC_IMPLICIT_RETAIN_SELF = YES;
				CLANG_WARN_OBJC_LITERAL_CONVERSION = YES;
				CLANG_WARN_OBJC_ROOT_CLASS = YES_ERROR;
				CLANG_WARN_RANGE_LOOP_ANALYSIS = YES;
				CLANG_WARN_STRICT_PROTOTYPES = YES;
				CLANG_WARN_SUSPICIOUS_MOVE = YES;
				CLANG_WARN_UNGUARDED_AVAILABILITY = YES_AGGRESSIVE;
				CLANG_WARN_UNREACHABLE_CODE = YES;
				CLANG_WARN__DUPLICATE_METHOD_MATCH = YES;
				CODE_SIGN_IDENTITY = "iPhone Developer";
				COPY_PHASE_STRIP = NO;
				DEBUG_INFORMATION_FORMAT = "dwarf-with-dsym";
				ENABLE_NS_ASSERTIONS = NO;
				ENABLE_STRICT_OBJC_MSGSEND = YES;
				GCC_C_LANGUAGE_STANDARD = gnu11;
				GCC_NO_COMMON_BLOCKS = YES;
				GCC_WARN_64_TO_32_BIT_CONVERSION = YES;
				GCC_WARN_ABOUT_RETURN_TYPE = YES_ERROR;
				GCC_WARN_UNDECLARED_SELECTOR = YES;
				GCC_WARN_UNINITIALIZED_AUTOS = YES_AGGRESSIVE;
				GCC_WARN_UNUSED_FUNCTION = YES;
				GCC_WARN_UNUSED_VARIABLE = YES;
				IPHONEOS_DEPLOYMENT_TARGET = 11.4;
				MTL_ENABLE_DEBUG_INFO = NO;
				SDKROOT = iphoneos;
				SWIFT_COMPILATION_MODE = wholemodule;
				SWIFT_OPTIMIZATION_LEVEL = "-O";
				VALIDATE_PRODUCT = YES;
			};
			name = Release;
		};
		9C08E1B3213B1CF00076DBE8 /* Debug */ = {
			isa = XCBuildConfiguration;
			buildSettings = {
				ASSETCATALOG_COMPILER_APPICON_NAME = AppIcon;
				CODE_SIGN_STYLE = Automatic;
				INFOPLIST_FILE = SpyApp/Info.plist;
				LD_RUNPATH_SEARCH_PATHS = (
					"$(inherited)",
					"@executable_path/Frameworks",
				);
				PRODUCT_BUNDLE_IDENTIFIER = com.zenitramsesilu.SpyApp;
				PRODUCT_NAME = "$(TARGET_NAME)";
				SWIFT_VERSION = 4.0;
				TARGETED_DEVICE_FAMILY = "1,2";
			};
			name = Debug;
		};
		9C08E1B4213B1CF00076DBE8 /* Release */ = {
			isa = XCBuildConfiguration;
			buildSettings = {
				ASSETCATALOG_COMPILER_APPICON_NAME = AppIcon;
				CODE_SIGN_STYLE = Automatic;
				INFOPLIST_FILE = SpyApp/Info.plist;
				LD_RUNPATH_SEARCH_PATHS = (
					"$(inherited)",
					"@executable_path/Frameworks",
				);
				PRODUCT_BUNDLE_IDENTIFIER = com.zenitramsesilu.SpyApp;
				PRODUCT_NAME = "$(TARGET_NAME)";
				SWIFT_VERSION = 4.0;
				TARGETED_DEVICE_FAMILY = "1,2";
			};
			name = Release;
		};
		9C08E1B6213B1CF00076DBE8 /* Debug */ = {
			isa = XCBuildConfiguration;
			buildSettings = {
				ALWAYS_EMBED_SWIFT_STANDARD_LIBRARIES = YES;
				BUNDLE_LOADER = "$(TEST_HOST)";
				CODE_SIGN_STYLE = Automatic;
				INFOPLIST_FILE = SpyAppTests/Info.plist;
				LD_RUNPATH_SEARCH_PATHS = (
					"$(inherited)",
					"@executable_path/Frameworks",
					"@loader_path/Frameworks",
				);
				PRODUCT_BUNDLE_IDENTIFIER = com.zenitramsesilu.SpyAppTests;
				PRODUCT_NAME = "$(TARGET_NAME)";
				SWIFT_VERSION = 4.0;
				TARGETED_DEVICE_FAMILY = "1,2";
				TEST_HOST = "$(BUILT_PRODUCTS_DIR)/SpyApp.app/SpyApp";
			};
			name = Debug;
		};
		9C08E1B7213B1CF00076DBE8 /* Release */ = {
			isa = XCBuildConfiguration;
			buildSettings = {
				ALWAYS_EMBED_SWIFT_STANDARD_LIBRARIES = YES;
				BUNDLE_LOADER = "$(TEST_HOST)";
				CODE_SIGN_STYLE = Automatic;
				INFOPLIST_FILE = SpyAppTests/Info.plist;
				LD_RUNPATH_SEARCH_PATHS = (
					"$(inherited)",
					"@executable_path/Frameworks",
					"@loader_path/Frameworks",
				);
				PRODUCT_BUNDLE_IDENTIFIER = com.zenitramsesilu.SpyAppTests;
				PRODUCT_NAME = "$(TARGET_NAME)";
				SWIFT_VERSION = 4.0;
				TARGETED_DEVICE_FAMILY = "1,2";
				TEST_HOST = "$(BUILT_PRODUCTS_DIR)/SpyApp.app/SpyApp";
			};
			name = Release;
		};
/* End XCBuildConfiguration section */

/* Begin XCConfigurationList section */
		9C08E190213B1CEE0076DBE8 /* Build configuration list for PBXProject "SpyApp" */ = {
			isa = XCConfigurationList;
			buildConfigurations = (
				9C08E1B0213B1CF00076DBE8 /* Debug */,
				9C08E1B1213B1CF00076DBE8 /* Release */,
			);
			defaultConfigurationIsVisible = 0;
			defaultConfigurationName = Release;
		};
		9C08E1B2213B1CF00076DBE8 /* Build configuration list for PBXNativeTarget "SpyApp" */ = {
			isa = XCConfigurationList;
			buildConfigurations = (
				9C08E1B3213B1CF00076DBE8 /* Debug */,
				9C08E1B4213B1CF00076DBE8 /* Release */,
			);
			defaultConfigurationIsVisible = 0;
			defaultConfigurationName = Release;
		};
		9C08E1B5213B1CF00076DBE8 /* Build configuration list for PBXNativeTarget "SpyAppTests" */ = {
			isa = XCConfigurationList;
			buildConfigurations = (
				9C08E1B6213B1CF00076DBE8 /* Debug */,
				9C08E1B7213B1CF00076DBE8 /* Release */,
			);
			defaultConfigurationIsVisible = 0;
			defaultConfigurationName = Release;
		};
/* End XCConfigurationList section */
	};
	rootObject = 9C08E18D213B1CEE0076DBE8 /* Project object */;
}
